{
  "version": "5",
  "specifiers": {
    "jsr:@std/cli@1.0.27": "1.0.27",
    "jsr:@std/fmt@^1.0.9": "1.0.9",
    "jsr:@std/internal@^1.0.12": "1.0.12",
    "npm:@biomejs/biome@2.3.13": "2.3.13",
    "npm:emoji-regex@10.6.0": "10.6.0"
  },
  "jsr": {
    "@std/cli@1.0.27": {
      "integrity": "eba97edd0891871a7410e835dd94b3c260c709cca5983df2689c25a71fbe04de",
      "dependencies": [
        "jsr:@std/fmt",
        "jsr:@std/internal"
      ]
    },
    "@std/fmt@1.0.9": {
      "integrity": "2487343e8899fb2be5d0e3d35013e54477ada198854e52dd05ed0422eddcabe0"
    },
    "@std/internal@1.0.12": {
      "integrity": "972a634fd5bc34b242024402972cd5143eac68d8dffaca5eaa4dba30ce17b027"
    }
  },
  "npm": {
    "@biomejs/biome@2.3.13": {
      "integrity": "sha512-Fw7UsV0UAtWIBIm0M7g5CRerpu1eKyKAXIazzxhbXYUyMkwNrkX/KLkGI7b+uVDQ5cLUMfOC9vR60q9IDYDstA==",
      "optionalDependencies": [
        "@biomejs/cli-darwin-arm64",
        "@biomejs/cli-darwin-x64",
        "@biomejs/cli-linux-arm64",
        "@biomejs/cli-linux-arm64-musl",
        "@biomejs/cli-linux-x64",
        "@biomejs/cli-linux-x64-musl",
        "@biomejs/cli-win32-arm64",
        "@biomejs/cli-win32-x64"
      ],
      "bin": true
    },
    "@biomejs/cli-darwin-arm64@2.3.13": {
      "integrity": "sha512-0OCwP0/BoKzyJHnFdaTk/i7hIP9JHH9oJJq6hrSCPmJPo8JWcJhprK4gQlhFzrwdTBAW4Bjt/RmCf3ZZe59gwQ==",
      "os": ["darwin"],
      "cpu": ["arm64"]
    },
    "@biomejs/cli-darwin-x64@2.3.13": {
      "integrity": "sha512-AGr8OoemT/ejynbIu56qeil2+F2WLkIjn2d8jGK1JkchxnMUhYOfnqc9sVzcRxpG9Ycvw4weQ5sprRvtb7Yhcw==",
      "os": ["darwin"],
      "cpu": ["x64"]
    },
    "@biomejs/cli-linux-arm64-musl@2.3.13": {
      "integrity": "sha512-TUdDCSY+Eo/EHjhJz7P2GnWwfqet+lFxBZzGHldrvULr59AgahamLs/N85SC4+bdF86EhqDuuw9rYLvLFWWlXA==",
      "os": ["linux"],
      "cpu": ["arm64"]
    },
    "@biomejs/cli-linux-arm64@2.3.13": {
      "integrity": "sha512-xvOiFkrDNu607MPMBUQ6huHmBG1PZLOrqhtK6pXJW3GjfVqJg0Z/qpTdhXfcqWdSZHcT+Nct2fOgewZvytESkw==",
      "os": ["linux"],
      "cpu": ["arm64"]
    },
    "@biomejs/cli-linux-x64-musl@2.3.13": {
      "integrity": "sha512-0bdwFVSbbM//Sds6OjtnmQGp4eUjOTt6kHvR/1P0ieR9GcTUAlPNvPC3DiavTqq302W34Ae2T6u5VVNGuQtGlQ==",
      "os": ["linux"],
      "cpu": ["x64"]
    },
    "@biomejs/cli-linux-x64@2.3.13": {
      "integrity": "sha512-s+YsZlgiXNq8XkgHs6xdvKDFOj/bwTEevqEY6rC2I3cBHbxXYU1LOZstH3Ffw9hE5tE1sqT7U23C00MzkXztMw==",
      "os": ["linux"],
      "cpu": ["x64"]
    },
    "@biomejs/cli-win32-arm64@2.3.13": {
      "integrity": "sha512-QweDxY89fq0VvrxME+wS/BXKmqMrOTZlN9SqQ79kQSIc3FrEwvW/PvUegQF6XIVaekncDykB5dzPqjbwSKs9DA==",
      "os": ["win32"],
      "cpu": ["arm64"]
    },
    "@biomejs/cli-win32-x64@2.3.13": {
      "integrity": "sha512-trDw2ogdM2lyav9WFQsdsfdVy1dvZALymRpgmWsvSez0BJzBjulhOT/t+wyKeh3pZWvwP3VMs1SoOKwO3wecMQ==",
      "os": ["win32"],
      "cpu": ["x64"]
    },
    "emoji-regex@10.6.0": {
      "integrity": "sha512-toUI84YS5YmxW219erniWD0CIVOo46xGKColeNQRgOzDorgBi1v4D71/OFzgD9GO2UGKIv1C3Sp8DAn0+j5w7A=="
    }
  },
  "workspace": {
    "dependencies": [
      "jsr:@std/cli@1.0.27",
      "npm:@biomejs/biome@2.3.13",
      "npm:emoji-regex@10.6.0"
    ]
  }
}
